// !$*UTF8*$!
{
	archiveVersion = 1;
	classes = {
	};
	objectVersion = 46;
	objects = {

/* Begin PBXBuildFile section */
		CF40EC751EE0191E0003499F /* WWTagEditingView.m in Sources */ = {isa = PBXBuildFile; fileRef = CF40EC741EE0191E0003499F /* WWTagEditingView.m */; };
		CF40EC781EE01A0D0003499F /* WWTagButtonTextField.m in Sources */ = {isa = PBXBuildFile; fileRef = CF40EC771EE01A0D0003499F /* WWTagButtonTextField.m */; };
		CF40EC7B1EE01AA90003499F /* ALDemo1ViewController.m in Sources */ = {isa = PBXBuildFile; fileRef = CF40EC7A1EE01AA90003499F /* ALDemo1ViewController.m */; };
		D2195EE7F67E7C822F1A5342 /* libPods-ALPersonalDemo.a in Frameworks */ = {isa = PBXBuildFile; fileRef = 95C4D560735BE5A3E41488ED /* libPods-ALPersonalDemo.a */; };
		E13C56631EE4231600005CFD /* FCFileManager.m in Sources */ = {isa = PBXBuildFile; fileRef = E13C56621EE4231600005CFD /* FCFileManager.m */; };
		E13C56661EE427B600005CFD /* FileManagerHelper.m in Sources */ = {isa = PBXBuildFile; fileRef = E13C56651EE427B600005CFD /* FileManagerHelper.m */; };
		E13C566E1EE42B8A00005CFD /* HttpTool.m in Sources */ = {isa = PBXBuildFile; fileRef = E13C566D1EE42B8A00005CFD /* HttpTool.m */; };
		E17E21711EDA73760013D3B9 /* main.m in Sources */ = {isa = PBXBuildFile; fileRef = E17E21701EDA73760013D3B9 /* main.m */; };
		E17E218D1EDA73760013D3B9 /* ALPersonalDemoTests.m in Sources */ = {isa = PBXBuildFile; fileRef = E17E218C1EDA73760013D3B9 /* ALPersonalDemoTests.m */; };
		E17E21981EDA73760013D3B9 /* ALPersonalDemoUITests.m in Sources */ = {isa = PBXBuildFile; fileRef = E17E21971EDA73760013D3B9 /* ALPersonalDemoUITests.m */; };
		E17E21A81EDA7B3A0013D3B9 /* AppDelegate.m in Sources */ = {isa = PBXBuildFile; fileRef = E17E21A71EDA7B3A0013D3B9 /* AppDelegate.m */; };
		E17E21AA1EDA7C320013D3B9 /* Assets.xcassets in Resources */ = {isa = PBXBuildFile; fileRef = E17E21A91EDA7C320013D3B9 /* Assets.xcassets */; };
		E17E21B31EDA7C3B0013D3B9 /* ALPersonalDemo.xcdatamodeld in Sources */ = {isa = PBXBuildFile; fileRef = E17E21AB1EDA7C3B0013D3B9 /* ALPersonalDemo.xcdatamodeld */; };
		E17E21C01EDA7C970013D3B9 /* ViewController.m in Sources */ = {isa = PBXBuildFile; fileRef = E17E21BF1EDA7C970013D3B9 /* ViewController.m */; };
		E17E21CE1EDAA2050013D3B9 /* autobuild.py in Resources */ = {isa = PBXBuildFile; fileRef = E17E21CD1EDAA2050013D3B9 /* autobuild.py */; };
		E17E21D21EDAA9EF0013D3B9 /* LaunchScreen.storyboard in Resources */ = {isa = PBXBuildFile; fileRef = E17E21B71EDA7C4D0013D3B9 /* LaunchScreen.storyboard */; };
		E17E21D31EDAA9EF0013D3B9 /* Main.storyboard in Resources */ = {isa = PBXBuildFile; fileRef = E17E21B91EDA7C4D0013D3B9 /* Main.storyboard */; };
		E17E21D51EDAAC050013D3B9 /* SmartPush.zip in Resources */ = {isa = PBXBuildFile; fileRef = E17E21D41EDAAC050013D3B9 /* SmartPush.zip */; };
		E17E21DB1EDABED80013D3B9 /* ALNetWorkViewController.m in Sources */ = {isa = PBXBuildFile; fileRef = E17E21DA1EDABED80013D3B9 /* ALNetWorkViewController.m */; };
		E17E21E01EDAC4630013D3B9 /* HYBNetworking.m in Sources */ = {isa = PBXBuildFile; fileRef = E17E21DF1EDAC4630013D3B9 /* HYBNetworking.m */; };
		E17E21E41EDACCF30013D3B9 /* UIDevice+ALSystemInfo.m in Sources */ = {isa = PBXBuildFile; fileRef = E17E21E31EDACCF30013D3B9 /* UIDevice+ALSystemInfo.m */; };
		E17E21E71EDAF3C20013D3B9 /* UIView+ALFrame.m in Sources */ = {isa = PBXBuildFile; fileRef = E17E21E61EDAF3C20013D3B9 /* UIView+ALFrame.m */; };
		E17E21EA1EDAF6160013D3B9 /* UIView+Toast.m in Sources */ = {isa = PBXBuildFile; fileRef = E17E21E91EDAF6160013D3B9 /* UIView+Toast.m */; };
		E17E21EE1EDAF6A20013D3B9 /* ALToastTableViewController.m in Sources */ = {isa = PBXBuildFile; fileRef = E17E21ED1EDAF6A20013D3B9 /* ALToastTableViewController.m */; };
		E17E21F41EDAFE0F0013D3B9 /* UIButton+SSAdd.m in Sources */ = {isa = PBXBuildFile; fileRef = E17E21F11EDAFE0F0013D3B9 /* UIButton+SSAdd.m */; };
		E17E21F51EDAFE0F0013D3B9 /* UIButton+SSImageTitleStyle.m in Sources */ = {isa = PBXBuildFile; fileRef = E17E21F31EDAFE0F0013D3B9 /* UIButton+SSImageTitleStyle.m */; };
		E1F661841EDD9BB9001D98E1 /* UILabel+Copyable.m in Sources */ = {isa = PBXBuildFile; fileRef = E1F661831EDD9BB9001D98E1 /* UILabel+Copyable.m */; };
		E1F661881EDD9C66001D98E1 /* NSDate+SSAdd.m in Sources */ = {isa = PBXBuildFile; fileRef = E1F661871EDD9C66001D98E1 /* NSDate+SSAdd.m */; };
		E1F6618C1EDD9CBC001D98E1 /* NSArray+SSAdd.m in Sources */ = {isa = PBXBuildFile; fileRef = E1F6618B1EDD9CBC001D98E1 /* NSArray+SSAdd.m */; };
		E1F661901EDD9CE7001D98E1 /* NSDictionary+SSAdd.m in Sources */ = {isa = PBXBuildFile; fileRef = E1F6618F1EDD9CE7001D98E1 /* NSDictionary+SSAdd.m */; };
		E1F661941EDD9D49001D98E1 /* NSNull+SSAdd.m in Sources */ = {isa = PBXBuildFile; fileRef = E1F661931EDD9D49001D98E1 /* NSNull+SSAdd.m */; };
		E1F6619A1EDD9DB5001D98E1 /* NSObject+SSAdd.m in Sources */ = {isa = PBXBuildFile; fileRef = E1F661971EDD9DB5001D98E1 /* NSObject+SSAdd.m */; };
		E1F6619B1EDD9DB5001D98E1 /* NSObject+SSAddForKVO.m in Sources */ = {isa = PBXBuildFile; fileRef = E1F661991EDD9DB5001D98E1 /* NSObject+SSAddForKVO.m */; };
		E1F6619F1EDD9DE8001D98E1 /* NSString+SSAdd.m in Sources */ = {isa = PBXBuildFile; fileRef = E1F6619E1EDD9DE8001D98E1 /* NSString+SSAdd.m */; };
		E1F661A31EDD9E2E001D98E1 /* UIColor+SSAdd.m in Sources */ = {isa = PBXBuildFile; fileRef = E1F661A21EDD9E2E001D98E1 /* UIColor+SSAdd.m */; };
		E1F661A81EDDA024001D98E1 /* SSUIAdapter.m in Sources */ = {isa = PBXBuildFile; fileRef = E1F661A71EDDA024001D98E1 /* SSUIAdapter.m */; };
		E1F661AC1EDDA14B001D98E1 /* CommonBaseTools.m in Sources */ = {isa = PBXBuildFile; fileRef = E1F661AB1EDDA14B001D98E1 /* CommonBaseTools.m */; };
		E1F661B01EDDA287001D98E1 /* UIControl+SSAdd.m in Sources */ = {isa = PBXBuildFile; fileRef = E1F661AF1EDDA287001D98E1 /* UIControl+SSAdd.m */; };
		E1F661B41EDDA2B4001D98E1 /* UIGestureRecognizer+SSAdd.m in Sources */ = {isa = PBXBuildFile; fileRef = E1F661B31EDDA2B4001D98E1 /* UIGestureRecognizer+SSAdd.m */; };
		E1F661B81EDDA2E5001D98E1 /* UIImage+SSAdd.m in Sources */ = {isa = PBXBuildFile; fileRef = E1F661B71EDDA2E5001D98E1 /* UIImage+SSAdd.m */; };
		E1F661BB1EDDA303001D98E1 /* UILabel+SSAdd.m in Sources */ = {isa = PBXBuildFile; fileRef = E1F661BA1EDDA303001D98E1 /* UILabel+SSAdd.m */; };
		E1F661BF1EDDA36F001D98E1 /* UITableView+SSAdd.m in Sources */ = {isa = PBXBuildFile; fileRef = E1F661BE1EDDA36F001D98E1 /* UITableView+SSAdd.m */; };
		E1F661C21EDDA39E001D98E1 /* UIView+SSAdd.m in Sources */ = {isa = PBXBuildFile; fileRef = E1F661C11EDDA39E001D98E1 /* UIView+SSAdd.m */; };
/* End PBXBuildFile section */

/* Begin PBXContainerItemProxy section */
		E17E21891EDA73760013D3B9 /* PBXContainerItemProxy */ = {
			isa = PBXContainerItemProxy;
			containerPortal = E17E21641EDA73760013D3B9 /* Project object */;
			proxyType = 1;
			remoteGlobalIDString = E17E216B1EDA73760013D3B9;
			remoteInfo = ALPersonalDemo;
		};
		E17E21941EDA73760013D3B9 /* PBXContainerItemProxy */ = {
			isa = PBXContainerItemProxy;
			containerPortal = E17E21641EDA73760013D3B9 /* Project object */;
			proxyType = 1;
			remoteGlobalIDString = E17E216B1EDA73760013D3B9;
			remoteInfo = ALPersonalDemo;
		};
/* End PBXContainerItemProxy section */

/* Begin PBXFileReference section */
		44651CCE15993B1899769C3F /* Pods-ALPersonalDemo.release.xcconfig */ = {isa = PBXFileReference; includeInIndex = 1; lastKnownFileType = text.xcconfig; name = "Pods-ALPersonalDemo.release.xcconfig"; path = "Pods/Target Support Files/Pods-ALPersonalDemo/Pods-ALPersonalDemo.release.xcconfig"; sourceTree = "<group>"; };
		95C4D560735BE5A3E41488ED /* libPods-ALPersonalDemo.a */ = {isa = PBXFileReference; explicitFileType = archive.ar; includeInIndex = 0; path = "libPods-ALPersonalDemo.a"; sourceTree = BUILT_PRODUCTS_DIR; };
		BE7837F5255163B32FFF2157 /* Pods-ALPersonalDemo.debug.xcconfig */ = {isa = PBXFileReference; includeInIndex = 1; lastKnownFileType = text.xcconfig; name = "Pods-ALPersonalDemo.debug.xcconfig"; path = "Pods/Target Support Files/Pods-ALPersonalDemo/Pods-ALPersonalDemo.debug.xcconfig"; sourceTree = "<group>"; };
		CF40EC731EE0191E0003499F /* WWTagEditingView.h */ = {isa = PBXFileReference; fileEncoding = 4; lastKnownFileType = sourcecode.c.h; path = WWTagEditingView.h; sourceTree = "<group>"; };
		CF40EC741EE0191E0003499F /* WWTagEditingView.m */ = {isa = PBXFileReference; fileEncoding = 4; lastKnownFileType = sourcecode.c.objc; path = WWTagEditingView.m; sourceTree = "<group>"; };
		CF40EC761EE01A0D0003499F /* WWTagButtonTextField.h */ = {isa = PBXFileReference; fileEncoding = 4; lastKnownFileType = sourcecode.c.h; path = WWTagButtonTextField.h; sourceTree = "<group>"; };
		CF40EC771EE01A0D0003499F /* WWTagButtonTextField.m */ = {isa = PBXFileReference; fileEncoding = 4; lastKnownFileType = sourcecode.c.objc; path = WWTagButtonTextField.m; sourceTree = "<group>"; };
		CF40EC791EE01AA90003499F /* ALDemo1ViewController.h */ = {isa = PBXFileReference; fileEncoding = 4; lastKnownFileType = sourcecode.c.h; path = ALDemo1ViewController.h; sourceTree = "<group>"; };
		CF40EC7A1EE01AA90003499F /* ALDemo1ViewController.m */ = {isa = PBXFileReference; fileEncoding = 4; lastKnownFileType = sourcecode.c.objc; path = ALDemo1ViewController.m; sourceTree = "<group>"; };
		E13C56611EE4231600005CFD /* FCFileManager.h */ = {isa = PBXFileReference; fileEncoding = 4; lastKnownFileType = sourcecode.c.h; path = FCFileManager.h; sourceTree = "<group>"; };
		E13C56621EE4231600005CFD /* FCFileManager.m */ = {isa = PBXFileReference; fileEncoding = 4; lastKnownFileType = sourcecode.c.objc; path = FCFileManager.m; sourceTree = "<group>"; };
		E13C56641EE427B600005CFD /* FileManagerHelper.h */ = {isa = PBXFileReference; fileEncoding = 4; lastKnownFileType = sourcecode.c.h; path = FileManagerHelper.h; sourceTree = "<group>"; };
		E13C56651EE427B600005CFD /* FileManagerHelper.m */ = {isa = PBXFileReference; fileEncoding = 4; lastKnownFileType = sourcecode.c.objc; path = FileManagerHelper.m; sourceTree = "<group>"; };
		E13C566B1EE42B8A00005CFD /* HttpComm.h */ = {isa = PBXFileReference; fileEncoding = 4; lastKnownFileType = sourcecode.c.h; path = HttpComm.h; sourceTree = "<group>"; };
		E13C566C1EE42B8A00005CFD /* HttpTool.h */ = {isa = PBXFileReference; fileEncoding = 4; lastKnownFileType = sourcecode.c.h; path = HttpTool.h; sourceTree = "<group>"; };
		E13C566D1EE42B8A00005CFD /* HttpTool.m */ = {isa = PBXFileReference; fileEncoding = 4; lastKnownFileType = sourcecode.c.objc; path = HttpTool.m; sourceTree = "<group>"; };
		E17E216C1EDA73760013D3B9 /* ALPersonalDemo.app */ = {isa = PBXFileReference; explicitFileType = wrapper.application; includeInIndex = 0; path = ALPersonalDemo.app; sourceTree = BUILT_PRODUCTS_DIR; };
		E17E21701EDA73760013D3B9 /* main.m */ = {isa = PBXFileReference; lastKnownFileType = sourcecode.c.objc; path = main.m; sourceTree = "<group>"; };
		E17E21881EDA73760013D3B9 /* ALPersonalDemoTests.xctest */ = {isa = PBXFileReference; explicitFileType = wrapper.cfbundle; includeInIndex = 0; path = ALPersonalDemoTests.xctest; sourceTree = BUILT_PRODUCTS_DIR; };
		E17E218C1EDA73760013D3B9 /* ALPersonalDemoTests.m */ = {isa = PBXFileReference; lastKnownFileType = sourcecode.c.objc; path = ALPersonalDemoTests.m; sourceTree = "<group>"; };
		E17E218E1EDA73760013D3B9 /* Info.plist */ = {isa = PBXFileReference; lastKnownFileType = text.plist.xml; path = Info.plist; sourceTree = "<group>"; };
		E17E21931EDA73760013D3B9 /* ALPersonalDemoUITests.xctest */ = {isa = PBXFileReference; explicitFileType = wrapper.cfbundle; includeInIndex = 0; path = ALPersonalDemoUITests.xctest; sourceTree = BUILT_PRODUCTS_DIR; };
		E17E21971EDA73760013D3B9 /* ALPersonalDemoUITests.m */ = {isa = PBXFileReference; lastKnownFileType = sourcecode.c.objc; path = ALPersonalDemoUITests.m; sourceTree = "<group>"; };
		E17E21991EDA73760013D3B9 /* Info.plist */ = {isa = PBXFileReference; lastKnownFileType = text.plist.xml; path = Info.plist; sourceTree = "<group>"; };
		E17E21A61EDA7B3A0013D3B9 /* AppDelegate.h */ = {isa = PBXFileReference; fileEncoding = 4; lastKnownFileType = sourcecode.c.h; path = AppDelegate.h; sourceTree = "<group>"; };
		E17E21A71EDA7B3A0013D3B9 /* AppDelegate.m */ = {isa = PBXFileReference; fileEncoding = 4; lastKnownFileType = sourcecode.c.objc; path = AppDelegate.m; sourceTree = "<group>"; };
		E17E21A91EDA7C320013D3B9 /* Assets.xcassets */ = {isa = PBXFileReference; lastKnownFileType = folder.assetcatalog; path = Assets.xcassets; sourceTree = "<group>"; };
		E17E21AC1EDA7C3B0013D3B9 /* ALPersonalDemo.xcdatamodel */ = {isa = PBXFileReference; lastKnownFileType = wrapper.xcdatamodel; path = ALPersonalDemo.xcdatamodel; sourceTree = "<group>"; };
		E17E21B21EDA7C3B0013D3B9 /* Info.plist */ = {isa = PBXFileReference; fileEncoding = 4; lastKnownFileType = text.plist.xml; path = Info.plist; sourceTree = "<group>"; };
		E17E21B81EDA7C4D0013D3B9 /* Base */ = {isa = PBXFileReference; lastKnownFileType = file.storyboard; name = Base; path = Base.lproj/LaunchScreen.storyboard; sourceTree = "<group>"; };
		E17E21BA1EDA7C4D0013D3B9 /* Base */ = {isa = PBXFileReference; lastKnownFileType = file.storyboard; name = Base; path = Base.lproj/Main.storyboard; sourceTree = "<group>"; };
		E17E21BE1EDA7C970013D3B9 /* ViewController.h */ = {isa = PBXFileReference; fileEncoding = 4; lastKnownFileType = sourcecode.c.h; path = ViewController.h; sourceTree = "<group>"; };
		E17E21BF1EDA7C970013D3B9 /* ViewController.m */ = {isa = PBXFileReference; fileEncoding = 4; lastKnownFileType = sourcecode.c.objc; path = ViewController.m; sourceTree = "<group>"; };
		E17E21C11EDA81940013D3B9 /* PrefixHeader.pch */ = {isa = PBXFileReference; lastKnownFileType = sourcecode.c.h; path = PrefixHeader.pch; sourceTree = "<group>"; };
		E17E21C61EDA84E00013D3B9 /* ALEnumList.h */ = {isa = PBXFileReference; fileEncoding = 4; lastKnownFileType = sourcecode.c.h; path = ALEnumList.h; sourceTree = "<group>"; };
		E17E21C71EDA85790013D3B9 /* ALConstant.h */ = {isa = PBXFileReference; lastKnownFileType = sourcecode.c.h; path = ALConstant.h; sourceTree = "<group>"; };
		E17E21CD1EDAA2050013D3B9 /* autobuild.py */ = {isa = PBXFileReference; fileEncoding = 4; lastKnownFileType = text.script.python; path = autobuild.py; sourceTree = "<group>"; };
		E17E21D11EDAA49A0013D3B9 /* ALToolMacro.h */ = {isa = PBXFileReference; lastKnownFileType = sourcecode.c.h; path = ALToolMacro.h; sourceTree = "<group>"; };
		E17E21D41EDAAC050013D3B9 /* SmartPush.zip */ = {isa = PBXFileReference; lastKnownFileType = archive.zip; path = SmartPush.zip; sourceTree = "<group>"; };
		E17E21D91EDABED80013D3B9 /* ALNetWorkViewController.h */ = {isa = PBXFileReference; fileEncoding = 4; lastKnownFileType = sourcecode.c.h; path = ALNetWorkViewController.h; sourceTree = "<group>"; };
		E17E21DA1EDABED80013D3B9 /* ALNetWorkViewController.m */ = {isa = PBXFileReference; fileEncoding = 4; lastKnownFileType = sourcecode.c.objc; path = ALNetWorkViewController.m; sourceTree = "<group>"; };
		E17E21DE1EDAC4630013D3B9 /* HYBNetworking.h */ = {isa = PBXFileReference; fileEncoding = 4; lastKnownFileType = sourcecode.c.h; path = HYBNetworking.h; sourceTree = "<group>"; };
		E17E21DF1EDAC4630013D3B9 /* HYBNetworking.m */ = {isa = PBXFileReference; fileEncoding = 4; lastKnownFileType = sourcecode.c.objc; path = HYBNetworking.m; sourceTree = "<group>"; };
		E17E21E21EDACCF30013D3B9 /* UIDevice+ALSystemInfo.h */ = {isa = PBXFileReference; fileEncoding = 4; lastKnownFileType = sourcecode.c.h; path = "UIDevice+ALSystemInfo.h"; sourceTree = "<group>"; };
		E17E21E31EDACCF30013D3B9 /* UIDevice+ALSystemInfo.m */ = {isa = PBXFileReference; fileEncoding = 4; lastKnownFileType = sourcecode.c.objc; path = "UIDevice+ALSystemInfo.m"; sourceTree = "<group>"; };
		E17E21E51EDAF3C20013D3B9 /* UIView+ALFrame.h */ = {isa = PBXFileReference; fileEncoding = 4; lastKnownFileType = sourcecode.c.h; path = "UIView+ALFrame.h"; sourceTree = "<group>"; };
		E17E21E61EDAF3C20013D3B9 /* UIView+ALFrame.m */ = {isa = PBXFileReference; fileEncoding = 4; lastKnownFileType = sourcecode.c.objc; path = "UIView+ALFrame.m"; sourceTree = "<group>"; };
		E17E21E81EDAF6160013D3B9 /* UIView+Toast.h */ = {isa = PBXFileReference; fileEncoding = 4; lastKnownFileType = sourcecode.c.h; path = "UIView+Toast.h"; sourceTree = "<group>"; };
		E17E21E91EDAF6160013D3B9 /* UIView+Toast.m */ = {isa = PBXFileReference; fileEncoding = 4; lastKnownFileType = sourcecode.c.objc; path = "UIView+Toast.m"; sourceTree = "<group>"; };
		E17E21EC1EDAF6A20013D3B9 /* ALToastTableViewController.h */ = {isa = PBXFileReference; fileEncoding = 4; lastKnownFileType = sourcecode.c.h; path = ALToastTableViewController.h; sourceTree = "<group>"; };
		E17E21ED1EDAF6A20013D3B9 /* ALToastTableViewController.m */ = {isa = PBXFileReference; fileEncoding = 4; lastKnownFileType = sourcecode.c.objc; path = ALToastTableViewController.m; sourceTree = "<group>"; };
		E17E21F01EDAFE0F0013D3B9 /* UIButton+SSAdd.h */ = {isa = PBXFileReference; fileEncoding = 4; lastKnownFileType = sourcecode.c.h; path = "UIButton+SSAdd.h"; sourceTree = "<group>"; };
		E17E21F11EDAFE0F0013D3B9 /* UIButton+SSAdd.m */ = {isa = PBXFileReference; fileEncoding = 4; lastKnownFileType = sourcecode.c.objc; path = "UIButton+SSAdd.m"; sourceTree = "<group>"; };
		E17E21F21EDAFE0F0013D3B9 /* UIButton+SSImageTitleStyle.h */ = {isa = PBXFileReference; fileEncoding = 4; lastKnownFileType = sourcecode.c.h; path = "UIButton+SSImageTitleStyle.h"; sourceTree = "<group>"; };
		E17E21F31EDAFE0F0013D3B9 /* UIButton+SSImageTitleStyle.m */ = {isa = PBXFileReference; fileEncoding = 4; lastKnownFileType = sourcecode.c.objc; path = "UIButton+SSImageTitleStyle.m"; sourceTree = "<group>"; };
		E1F661821EDD9BB9001D98E1 /* UILabel+Copyable.h */ = {isa = PBXFileReference; fileEncoding = 4; lastKnownFileType = sourcecode.c.h; path = "UILabel+Copyable.h"; sourceTree = "<group>"; };
		E1F661831EDD9BB9001D98E1 /* UILabel+Copyable.m */ = {isa = PBXFileReference; fileEncoding = 4; lastKnownFileType = sourcecode.c.objc; path = "UILabel+Copyable.m"; sourceTree = "<group>"; };
		E1F661861EDD9C66001D98E1 /* NSDate+SSAdd.h */ = {isa = PBXFileReference; fileEncoding = 4; lastKnownFileType = sourcecode.c.h; path = "NSDate+SSAdd.h"; sourceTree = "<group>"; };
		E1F661871EDD9C66001D98E1 /* NSDate+SSAdd.m */ = {isa = PBXFileReference; fileEncoding = 4; lastKnownFileType = sourcecode.c.objc; path = "NSDate+SSAdd.m"; sourceTree = "<group>"; };
		E1F6618A1EDD9CBC001D98E1 /* NSArray+SSAdd.h */ = {isa = PBXFileReference; fileEncoding = 4; lastKnownFileType = sourcecode.c.h; path = "NSArray+SSAdd.h"; sourceTree = "<group>"; };
		E1F6618B1EDD9CBC001D98E1 /* NSArray+SSAdd.m */ = {isa = PBXFileReference; fileEncoding = 4; lastKnownFileType = sourcecode.c.objc; path = "NSArray+SSAdd.m"; sourceTree = "<group>"; };
		E1F6618E1EDD9CE7001D98E1 /* NSDictionary+SSAdd.h */ = {isa = PBXFileReference; fileEncoding = 4; lastKnownFileType = sourcecode.c.h; path = "NSDictionary+SSAdd.h"; sourceTree = "<group>"; };
		E1F6618F1EDD9CE7001D98E1 /* NSDictionary+SSAdd.m */ = {isa = PBXFileReference; fileEncoding = 4; lastKnownFileType = sourcecode.c.objc; path = "NSDictionary+SSAdd.m"; sourceTree = "<group>"; };
		E1F661921EDD9D49001D98E1 /* NSNull+SSAdd.h */ = {isa = PBXFileReference; fileEncoding = 4; lastKnownFileType = sourcecode.c.h; path = "NSNull+SSAdd.h"; sourceTree = "<group>"; };
		E1F661931EDD9D49001D98E1 /* NSNull+SSAdd.m */ = {isa = PBXFileReference; fileEncoding = 4; lastKnownFileType = sourcecode.c.objc; path = "NSNull+SSAdd.m"; sourceTree = "<group>"; };
		E1F661961EDD9DB5001D98E1 /* NSObject+SSAdd.h */ = {isa = PBXFileReference; fileEncoding = 4; lastKnownFileType = sourcecode.c.h; path = "NSObject+SSAdd.h"; sourceTree = "<group>"; };
		E1F661971EDD9DB5001D98E1 /* NSObject+SSAdd.m */ = {isa = PBXFileReference; fileEncoding = 4; lastKnownFileType = sourcecode.c.objc; path = "NSObject+SSAdd.m"; sourceTree = "<group>"; };
		E1F661981EDD9DB5001D98E1 /* NSObject+SSAddForKVO.h */ = {isa = PBXFileReference; fileEncoding = 4; lastKnownFileType = sourcecode.c.h; path = "NSObject+SSAddForKVO.h"; sourceTree = "<group>"; };
		E1F661991EDD9DB5001D98E1 /* NSObject+SSAddForKVO.m */ = {isa = PBXFileReference; fileEncoding = 4; lastKnownFileType = sourcecode.c.objc; path = "NSObject+SSAddForKVO.m"; sourceTree = "<group>"; };
		E1F6619D1EDD9DE8001D98E1 /* NSString+SSAdd.h */ = {isa = PBXFileReference; fileEncoding = 4; lastKnownFileType = sourcecode.c.h; path = "NSString+SSAdd.h"; sourceTree = "<group>"; };
		E1F6619E1EDD9DE8001D98E1 /* NSString+SSAdd.m */ = {isa = PBXFileReference; fileEncoding = 4; lastKnownFileType = sourcecode.c.objc; path = "NSString+SSAdd.m"; sourceTree = "<group>"; };
		E1F661A11EDD9E2E001D98E1 /* UIColor+SSAdd.h */ = {isa = PBXFileReference; fileEncoding = 4; lastKnownFileType = sourcecode.c.h; path = "UIColor+SSAdd.h"; sourceTree = "<group>"; };
		E1F661A21EDD9E2E001D98E1 /* UIColor+SSAdd.m */ = {isa = PBXFileReference; fileEncoding = 4; lastKnownFileType = sourcecode.c.objc; path = "UIColor+SSAdd.m"; sourceTree = "<group>"; };
		E1F661A61EDDA024001D98E1 /* SSUIAdapter.h */ = {isa = PBXFileReference; fileEncoding = 4; lastKnownFileType = sourcecode.c.h; path = SSUIAdapter.h; sourceTree = "<group>"; };
		E1F661A71EDDA024001D98E1 /* SSUIAdapter.m */ = {isa = PBXFileReference; fileEncoding = 4; lastKnownFileType = sourcecode.c.objc; path = SSUIAdapter.m; sourceTree = "<group>"; };
		E1F661AA1EDDA14B001D98E1 /* CommonBaseTools.h */ = {isa = PBXFileReference; fileEncoding = 4; lastKnownFileType = sourcecode.c.h; path = CommonBaseTools.h; sourceTree = "<group>"; };
		E1F661AB1EDDA14B001D98E1 /* CommonBaseTools.m */ = {isa = PBXFileReference; fileEncoding = 4; lastKnownFileType = sourcecode.c.objc; path = CommonBaseTools.m; sourceTree = "<group>"; };
		E1F661AE1EDDA287001D98E1 /* UIControl+SSAdd.h */ = {isa = PBXFileReference; fileEncoding = 4; lastKnownFileType = sourcecode.c.h; path = "UIControl+SSAdd.h"; sourceTree = "<group>"; };
		E1F661AF1EDDA287001D98E1 /* UIControl+SSAdd.m */ = {isa = PBXFileReference; fileEncoding = 4; lastKnownFileType = sourcecode.c.objc; path = "UIControl+SSAdd.m"; sourceTree = "<group>"; };
		E1F661B21EDDA2B4001D98E1 /* UIGestureRecognizer+SSAdd.h */ = {isa = PBXFileReference; fileEncoding = 4; lastKnownFileType = sourcecode.c.h; path = "UIGestureRecognizer+SSAdd.h"; sourceTree = "<group>"; };
		E1F661B31EDDA2B4001D98E1 /* UIGestureRecognizer+SSAdd.m */ = {isa = PBXFileReference; fileEncoding = 4; lastKnownFileType = sourcecode.c.objc; path = "UIGestureRecognizer+SSAdd.m"; sourceTree = "<group>"; };
		E1F661B61EDDA2E5001D98E1 /* UIImage+SSAdd.h */ = {isa = PBXFileReference; fileEncoding = 4; lastKnownFileType = sourcecode.c.h; path = "UIImage+SSAdd.h"; sourceTree = "<group>"; };
		E1F661B71EDDA2E5001D98E1 /* UIImage+SSAdd.m */ = {isa = PBXFileReference; fileEncoding = 4; lastKnownFileType = sourcecode.c.objc; path = "UIImage+SSAdd.m"; sourceTree = "<group>"; };
		E1F661B91EDDA303001D98E1 /* UILabel+SSAdd.h */ = {isa = PBXFileReference; fileEncoding = 4; lastKnownFileType = sourcecode.c.h; path = "UILabel+SSAdd.h"; sourceTree = "<group>"; };
		E1F661BA1EDDA303001D98E1 /* UILabel+SSAdd.m */ = {isa = PBXFileReference; fileEncoding = 4; lastKnownFileType = sourcecode.c.objc; path = "UILabel+SSAdd.m"; sourceTree = "<group>"; };
		E1F661BD1EDDA36F001D98E1 /* UITableView+SSAdd.h */ = {isa = PBXFileReference; fileEncoding = 4; lastKnownFileType = sourcecode.c.h; path = "UITableView+SSAdd.h"; sourceTree = "<group>"; };
		E1F661BE1EDDA36F001D98E1 /* UITableView+SSAdd.m */ = {isa = PBXFileReference; fileEncoding = 4; lastKnownFileType = sourcecode.c.objc; path = "UITableView+SSAdd.m"; sourceTree = "<group>"; };
		E1F661C01EDDA39E001D98E1 /* UIView+SSAdd.h */ = {isa = PBXFileReference; fileEncoding = 4; lastKnownFileType = sourcecode.c.h; path = "UIView+SSAdd.h"; sourceTree = "<group>"; };
		E1F661C11EDDA39E001D98E1 /* UIView+SSAdd.m */ = {isa = PBXFileReference; fileEncoding = 4; lastKnownFileType = sourcecode.c.objc; path = "UIView+SSAdd.m"; sourceTree = "<group>"; };
/* End PBXFileReference section */

/* Begin PBXFrameworksBuildPhase section */
		E17E21691EDA73760013D3B9 /* Frameworks */ = {
			isa = PBXFrameworksBuildPhase;
			buildActionMask = 2147483647;
			files = (
				D2195EE7F67E7C822F1A5342 /* libPods-ALPersonalDemo.a in Frameworks */,
			);
			runOnlyForDeploymentPostprocessing = 0;
		};
		E17E21851EDA73760013D3B9 /* Frameworks */ = {
			isa = PBXFrameworksBuildPhase;
			buildActionMask = 2147483647;
			files = (
			);
			runOnlyForDeploymentPostprocessing = 0;
		};
		E17E21901EDA73760013D3B9 /* Frameworks */ = {
			isa = PBXFrameworksBuildPhase;
			buildActionMask = 2147483647;
			files = (
			);
			runOnlyForDeploymentPostprocessing = 0;
		};
/* End PBXFrameworksBuildPhase section */

/* Begin PBXGroup section */
		5590D417F550BE9269ADEF3E /* Frameworks */ = {
			isa = PBXGroup;
			children = (
				95C4D560735BE5A3E41488ED /* libPods-ALPersonalDemo.a */,
			);
			name = Frameworks;
			sourceTree = "<group>";
		};
		D2D59E4CC23B391AD24269D2 /* Pods */ = {
			isa = PBXGroup;
			children = (
				BE7837F5255163B32FFF2157 /* Pods-ALPersonalDemo.debug.xcconfig */,
				44651CCE15993B1899769C3F /* Pods-ALPersonalDemo.release.xcconfig */,
			);
			name = Pods;
			sourceTree = "<group>";
		};
		E13C566A1EE42B6C00005CFD /* 续传 */ = {
			isa = PBXGroup;
			children = (
				E13C566B1EE42B8A00005CFD /* HttpComm.h */,
				E13C566C1EE42B8A00005CFD /* HttpTool.h */,
				E13C566D1EE42B8A00005CFD /* HttpTool.m */,
			);
			path = "续传";
			sourceTree = "<group>";
		};
		E17E21631EDA73760013D3B9 = {
			isa = PBXGroup;
			children = (
				E17E216E1EDA73760013D3B9 /* ALPersonalDemo */,
				E17E218B1EDA73760013D3B9 /* ALPersonalDemoTests */,
				E17E21961EDA73760013D3B9 /* ALPersonalDemoUITests */,
				E17E216D1EDA73760013D3B9 /* Products */,
				D2D59E4CC23B391AD24269D2 /* Pods */,
				5590D417F550BE9269ADEF3E /* Frameworks */,
			);
			sourceTree = "<group>";
		};
		E17E216D1EDA73760013D3B9 /* Products */ = {
			isa = PBXGroup;
			children = (
				E17E216C1EDA73760013D3B9 /* ALPersonalDemo.app */,
				E17E21881EDA73760013D3B9 /* ALPersonalDemoTests.xctest */,
				E17E21931EDA73760013D3B9 /* ALPersonalDemoUITests.xctest */,
			);
			name = Products;
			sourceTree = "<group>";
		};
		E17E216E1EDA73760013D3B9 /* ALPersonalDemo */ = {
			isa = PBXGroup;
			children = (
				E1F661A41EDD9FE8001D98E1 /* ALTool */,
				E17E21EB1EDAF62E0013D3B9 /* Toast */,
				E17E21D71EDAB51A0013D3B9 /* 网络 */,
				E17E21C51EDA84A10013D3B9 /* header */,
				E17E21C41EDA82750013D3B9 /* macro */,
				E17E21C31EDA82560013D3B9 /* Category */,
				E17E21A51EDA7AED0013D3B9 /* AppDelegate */,
				E17E21BD1EDA7C620013D3B9 /* ViewController */,
				E17E216F1EDA73760013D3B9 /* Supporting Files */,
			);
			path = ALPersonalDemo;
			sourceTree = "<group>";
		};
		E17E216F1EDA73760013D3B9 /* Supporting Files */ = {
			isa = PBXGroup;
			children = (
				E17E21D41EDAAC050013D3B9 /* SmartPush.zip */,
				E17E21CD1EDAA2050013D3B9 /* autobuild.py */,
				E17E21B71EDA7C4D0013D3B9 /* LaunchScreen.storyboard */,
				E17E21B91EDA7C4D0013D3B9 /* Main.storyboard */,
				E17E21AB1EDA7C3B0013D3B9 /* ALPersonalDemo.xcdatamodeld */,
				E17E21B21EDA7C3B0013D3B9 /* Info.plist */,
				E17E21A91EDA7C320013D3B9 /* Assets.xcassets */,
				E17E21701EDA73760013D3B9 /* main.m */,
				E17E21C11EDA81940013D3B9 /* PrefixHeader.pch */,
			);
			path = "Supporting Files";
			sourceTree = "<group>";
		};
		E17E218B1EDA73760013D3B9 /* ALPersonalDemoTests */ = {
			isa = PBXGroup;
			children = (
				E17E218C1EDA73760013D3B9 /* ALPersonalDemoTests.m */,
				E17E218E1EDA73760013D3B9 /* Info.plist */,
			);
			path = ALPersonalDemoTests;
			sourceTree = "<group>";
		};
		E17E21961EDA73760013D3B9 /* ALPersonalDemoUITests */ = {
			isa = PBXGroup;
			children = (
				E17E21971EDA73760013D3B9 /* ALPersonalDemoUITests.m */,
				E17E21991EDA73760013D3B9 /* Info.plist */,
			);
			path = ALPersonalDemoUITests;
			sourceTree = "<group>";
		};
		E17E21A51EDA7AED0013D3B9 /* AppDelegate */ = {
			isa = PBXGroup;
			children = (
				E17E21A61EDA7B3A0013D3B9 /* AppDelegate.h */,
				E17E21A71EDA7B3A0013D3B9 /* AppDelegate.m */,
			);
			path = AppDelegate;
			sourceTree = "<group>";
		};
		E17E21BD1EDA7C620013D3B9 /* ViewController */ = {
			isa = PBXGroup;
			children = (
				E17E21BE1EDA7C970013D3B9 /* ViewController.h */,
				E17E21BF1EDA7C970013D3B9 /* ViewController.m */,
				CF40EC791EE01AA90003499F /* ALDemo1ViewController.h */,
				CF40EC7A1EE01AA90003499F /* ALDemo1ViewController.m */,
			);
			path = ViewController;
			sourceTree = "<group>";
		};
		E17E21C31EDA82560013D3B9 /* Category */ = {
			isa = PBXGroup;
			children = (
				E1F661BC1EDDA355001D98E1 /* UITableView */,
				E1F661B51EDDA2C8001D98E1 /* UIImage */,
				E1F661B11EDDA296001D98E1 /* UIGestureRecognizer */,
				E1F661AD1EDDA26B001D98E1 /* UIControl */,
				E1F661A01EDD9E07001D98E1 /* UIColor */,
				E1F6619C1EDD9DC5001D98E1 /* NSString */,
				E1F661951EDD9D84001D98E1 /* NSObject */,
				E1F661911EDD9D28001D98E1 /* NSNull */,
				E1F6618D1EDD9CCB001D98E1 /* NSDictionary */,
				E1F661891EDD9C9A001D98E1 /* NSArray */,
				E1F661851EDD9C3B001D98E1 /* NSDate */,
				E1F661811EDD9B89001D98E1 /* UILabel */,
				E17E21EF1EDAFB5C0013D3B9 /* UIButton */,
				E17E21E11EDACCAD0013D3B9 /* UIView */,
				E17E21C81EDA86470013D3B9 /* UIDevice */,
			);
			path = Category;
			sourceTree = "<group>";
		};
		E17E21C41EDA82750013D3B9 /* macro */ = {
			isa = PBXGroup;
			children = (
				E17E21C71EDA85790013D3B9 /* ALConstant.h */,
				E17E21D11EDAA49A0013D3B9 /* ALToolMacro.h */,
			);
			path = macro;
			sourceTree = "<group>";
		};
		E17E21C51EDA84A10013D3B9 /* header */ = {
			isa = PBXGroup;
			children = (
				E17E21C61EDA84E00013D3B9 /* ALEnumList.h */,
			);
			path = header;
			sourceTree = "<group>";
		};
		E17E21C81EDA86470013D3B9 /* UIDevice */ = {
			isa = PBXGroup;
			children = (
				E17E21E21EDACCF30013D3B9 /* UIDevice+ALSystemInfo.h */,
				E17E21E31EDACCF30013D3B9 /* UIDevice+ALSystemInfo.m */,
			);
			path = UIDevice;
			sourceTree = "<group>";
		};
		E17E21D71EDAB51A0013D3B9 /* 网络 */ = {
			isa = PBXGroup;
			children = (
				E13C566A1EE42B6C00005CFD /* 续传 */,
				E17E21DD1EDAC4630013D3B9 /* HYBNetworking */,
				E17E21D91EDABED80013D3B9 /* ALNetWorkViewController.h */,
				E17E21DA1EDABED80013D3B9 /* ALNetWorkViewController.m */,
			);
			path = "网络";
			sourceTree = "<group>";
		};
		E17E21DD1EDAC4630013D3B9 /* HYBNetworking */ = {
			isa = PBXGroup;
			children = (
				E17E21DE1EDAC4630013D3B9 /* HYBNetworking.h */,
				E17E21DF1EDAC4630013D3B9 /* HYBNetworking.m */,
			);
			path = HYBNetworking;
			sourceTree = "<group>";
		};
		E17E21E11EDACCAD0013D3B9 /* UIView */ = {
			isa = PBXGroup;
			children = (
				E1F661C01EDDA39E001D98E1 /* UIView+SSAdd.h */,
				E1F661C11EDDA39E001D98E1 /* UIView+SSAdd.m */,
				E17E21E81EDAF6160013D3B9 /* UIView+Toast.h */,
				E17E21E91EDAF6160013D3B9 /* UIView+Toast.m */,
				E17E21E51EDAF3C20013D3B9 /* UIView+ALFrame.h */,
				E17E21E61EDAF3C20013D3B9 /* UIView+ALFrame.m */,
			);
			path = UIView;
			sourceTree = "<group>";
		};
		E17E21EB1EDAF62E0013D3B9 /* Toast */ = {
			isa = PBXGroup;
			children = (
				E17E21EC1EDAF6A20013D3B9 /* ALToastTableViewController.h */,
				E17E21ED1EDAF6A20013D3B9 /* ALToastTableViewController.m */,
			);
			path = Toast;
			sourceTree = "<group>";
		};
		E17E21EF1EDAFB5C0013D3B9 /* UIButton */ = {
			isa = PBXGroup;
			children = (
				E17E21F01EDAFE0F0013D3B9 /* UIButton+SSAdd.h */,
				E17E21F11EDAFE0F0013D3B9 /* UIButton+SSAdd.m */,
				E17E21F21EDAFE0F0013D3B9 /* UIButton+SSImageTitleStyle.h */,
				E17E21F31EDAFE0F0013D3B9 /* UIButton+SSImageTitleStyle.m */,
			);
			path = UIButton;
			sourceTree = "<group>";
		};
		E1F661811EDD9B89001D98E1 /* UILabel */ = {
			isa = PBXGroup;
			children = (
				E1F661B91EDDA303001D98E1 /* UILabel+SSAdd.h */,
				E1F661BA1EDDA303001D98E1 /* UILabel+SSAdd.m */,
				E1F661821EDD9BB9001D98E1 /* UILabel+Copyable.h */,
				E1F661831EDD9BB9001D98E1 /* UILabel+Copyable.m */,
			);
			path = UILabel;
			sourceTree = "<group>";
		};
		E1F661851EDD9C3B001D98E1 /* NSDate */ = {
			isa = PBXGroup;
			children = (
				E1F661861EDD9C66001D98E1 /* NSDate+SSAdd.h */,
				E1F661871EDD9C66001D98E1 /* NSDate+SSAdd.m */,
			);
			path = NSDate;
			sourceTree = "<group>";
		};
		E1F661891EDD9C9A001D98E1 /* NSArray */ = {
			isa = PBXGroup;
			children = (
				E1F6618A1EDD9CBC001D98E1 /* NSArray+SSAdd.h */,
				E1F6618B1EDD9CBC001D98E1 /* NSArray+SSAdd.m */,
			);
			path = NSArray;
			sourceTree = "<group>";
		};
		E1F6618D1EDD9CCB001D98E1 /* NSDictionary */ = {
			isa = PBXGroup;
			children = (
				E1F6618E1EDD9CE7001D98E1 /* NSDictionary+SSAdd.h */,
				E1F6618F1EDD9CE7001D98E1 /* NSDictionary+SSAdd.m */,
			);
			path = NSDictionary;
			sourceTree = "<group>";
		};
		E1F661911EDD9D28001D98E1 /* NSNull */ = {
			isa = PBXGroup;
			children = (
				E1F661921EDD9D49001D98E1 /* NSNull+SSAdd.h */,
				E1F661931EDD9D49001D98E1 /* NSNull+SSAdd.m */,
			);
			path = NSNull;
			sourceTree = "<group>";
		};
		E1F661951EDD9D84001D98E1 /* NSObject */ = {
			isa = PBXGroup;
			children = (
				E1F661961EDD9DB5001D98E1 /* NSObject+SSAdd.h */,
				E1F661971EDD9DB5001D98E1 /* NSObject+SSAdd.m */,
				E1F661981EDD9DB5001D98E1 /* NSObject+SSAddForKVO.h */,
				E1F661991EDD9DB5001D98E1 /* NSObject+SSAddForKVO.m */,
			);
			path = NSObject;
			sourceTree = "<group>";
		};
		E1F6619C1EDD9DC5001D98E1 /* NSString */ = {
			isa = PBXGroup;
			children = (
				E1F6619D1EDD9DE8001D98E1 /* NSString+SSAdd.h */,
				E1F6619E1EDD9DE8001D98E1 /* NSString+SSAdd.m */,
			);
			path = NSString;
			sourceTree = "<group>";
		};
		E1F661A01EDD9E07001D98E1 /* UIColor */ = {
			isa = PBXGroup;
			children = (
				E1F661A11EDD9E2E001D98E1 /* UIColor+SSAdd.h */,
				E1F661A21EDD9E2E001D98E1 /* UIColor+SSAdd.m */,
			);
			path = UIColor;
			sourceTree = "<group>";
		};
		E1F661A41EDD9FE8001D98E1 /* ALTool */ = {
			isa = PBXGroup;
			children = (
				E1F661A91EDDA122001D98E1 /* NSObject */,
				E1F661A51EDDA001001D98E1 /* UIKit */,
			);
			path = ALTool;
			sourceTree = "<group>";
		};
		E1F661A51EDDA001001D98E1 /* UIKit */ = {
			isa = PBXGroup;
			children = (
				E1F661A61EDDA024001D98E1 /* SSUIAdapter.h */,
				E1F661A71EDDA024001D98E1 /* SSUIAdapter.m */,
				CF40EC761EE01A0D0003499F /* WWTagButtonTextField.h */,
				CF40EC771EE01A0D0003499F /* WWTagButtonTextField.m */,
				CF40EC731EE0191E0003499F /* WWTagEditingView.h */,
				CF40EC741EE0191E0003499F /* WWTagEditingView.m */,
			);
			path = UIKit;
			sourceTree = "<group>";
		};
		E1F661A91EDDA122001D98E1 /* NSObject */ = {
			isa = PBXGroup;
			children = (
				E13C56641EE427B600005CFD /* FileManagerHelper.h */,
				E13C56651EE427B600005CFD /* FileManagerHelper.m */,
				E13C56611EE4231600005CFD /* FCFileManager.h */,
				E13C56621EE4231600005CFD /* FCFileManager.m */,
				E1F661AA1EDDA14B001D98E1 /* CommonBaseTools.h */,
				E1F661AB1EDDA14B001D98E1 /* CommonBaseTools.m */,
			);
			path = NSObject;
			sourceTree = "<group>";
		};
		E1F661AD1EDDA26B001D98E1 /* UIControl */ = {
			isa = PBXGroup;
			children = (
				E1F661AE1EDDA287001D98E1 /* UIControl+SSAdd.h */,
				E1F661AF1EDDA287001D98E1 /* UIControl+SSAdd.m */,
			);
			path = UIControl;
			sourceTree = "<group>";
		};
		E1F661B11EDDA296001D98E1 /* UIGestureRecognizer */ = {
			isa = PBXGroup;
			children = (
				E1F661B21EDDA2B4001D98E1 /* UIGestureRecognizer+SSAdd.h */,
				E1F661B31EDDA2B4001D98E1 /* UIGestureRecognizer+SSAdd.m */,
			);
			path = UIGestureRecognizer;
			sourceTree = "<group>";
		};
		E1F661B51EDDA2C8001D98E1 /* UIImage */ = {
			isa = PBXGroup;
			children = (
				E1F661B61EDDA2E5001D98E1 /* UIImage+SSAdd.h */,
				E1F661B71EDDA2E5001D98E1 /* UIImage+SSAdd.m */,
			);
			path = UIImage;
			sourceTree = "<group>";
		};
		E1F661BC1EDDA355001D98E1 /* UITableView */ = {
			isa = PBXGroup;
			children = (
				E1F661BD1EDDA36F001D98E1 /* UITableView+SSAdd.h */,
				E1F661BE1EDDA36F001D98E1 /* UITableView+SSAdd.m */,
			);
			path = UITableView;
			sourceTree = "<group>";
		};
/* End PBXGroup section */

/* Begin PBXNativeTarget section */
		E17E216B1EDA73760013D3B9 /* ALPersonalDemo */ = {
			isa = PBXNativeTarget;
			buildConfigurationList = E17E219C1EDA73760013D3B9 /* Build configuration list for PBXNativeTarget "ALPersonalDemo" */;
			buildPhases = (
				2496B2C680154E862788E9F0 /* [CP] Check Pods Manifest.lock */,
				E17E21681EDA73760013D3B9 /* Sources */,
				E17E21691EDA73760013D3B9 /* Frameworks */,
				E17E216A1EDA73760013D3B9 /* Resources */,
				50EA91EE26D6307F1762C435 /* [CP] Embed Pods Frameworks */,
				B43718F5FFA76B7556198964 /* [CP] Copy Pods Resources */,
			);
			buildRules = (
			);
			dependencies = (
			);
			name = ALPersonalDemo;
			productName = ALPersonalDemo;
			productReference = E17E216C1EDA73760013D3B9 /* ALPersonalDemo.app */;
			productType = "com.apple.product-type.application";
		};
		E17E21871EDA73760013D3B9 /* ALPersonalDemoTests */ = {
			isa = PBXNativeTarget;
			buildConfigurationList = E17E219F1EDA73760013D3B9 /* Build configuration list for PBXNativeTarget "ALPersonalDemoTests" */;
			buildPhases = (
				E17E21841EDA73760013D3B9 /* Sources */,
				E17E21851EDA73760013D3B9 /* Frameworks */,
				E17E21861EDA73760013D3B9 /* Resources */,
			);
			buildRules = (
			);
			dependencies = (
				E17E218A1EDA73760013D3B9 /* PBXTargetDependency */,
			);
			name = ALPersonalDemoTests;
			productName = ALPersonalDemoTests;
			productReference = E17E21881EDA73760013D3B9 /* ALPersonalDemoTests.xctest */;
			productType = "com.apple.product-type.bundle.unit-test";
		};
		E17E21921EDA73760013D3B9 /* ALPersonalDemoUITests */ = {
			isa = PBXNativeTarget;
			buildConfigurationList = E17E21A21EDA73760013D3B9 /* Build configuration list for PBXNativeTarget "ALPersonalDemoUITests" */;
			buildPhases = (
				E17E218F1EDA73760013D3B9 /* Sources */,
				E17E21901EDA73760013D3B9 /* Frameworks */,
				E17E21911EDA73760013D3B9 /* Resources */,
			);
			buildRules = (
			);
			dependencies = (
				E17E21951EDA73760013D3B9 /* PBXTargetDependency */,
			);
			name = ALPersonalDemoUITests;
			productName = ALPersonalDemoUITests;
			productReference = E17E21931EDA73760013D3B9 /* ALPersonalDemoUITests.xctest */;
			productType = "com.apple.product-type.bundle.ui-testing";
		};
/* End PBXNativeTarget section */

/* Begin PBXProject section */
		E17E21641EDA73760013D3B9 /* Project object */ = {
			isa = PBXProject;
			attributes = {
				CLASSPREFIX = AL;
				LastUpgradeCheck = 0800;
				ORGANIZATIONNAME = company;
				TargetAttributes = {
					E17E216B1EDA73760013D3B9 = {
						CreatedOnToolsVersion = 8.0;
						DevelopmentTeam = 75C82FC24V;
						ProvisioningStyle = Automatic;
					};
					E17E21871EDA73760013D3B9 = {
						CreatedOnToolsVersion = 8.0;
						ProvisioningStyle = Automatic;
						TestTargetID = E17E216B1EDA73760013D3B9;
					};
					E17E21921EDA73760013D3B9 = {
						CreatedOnToolsVersion = 8.0;
						ProvisioningStyle = Automatic;
						TestTargetID = E17E216B1EDA73760013D3B9;
					};
				};
			};
			buildConfigurationList = E17E21671EDA73760013D3B9 /* Build configuration list for PBXProject "ALPersonalDemo" */;
			compatibilityVersion = "Xcode 3.2";
			developmentRegion = English;
			hasScannedForEncodings = 0;
			knownRegions = (
				en,
				Base,
			);
			mainGroup = E17E21631EDA73760013D3B9;
			productRefGroup = E17E216D1EDA73760013D3B9 /* Products */;
			projectDirPath = "";
			projectRoot = "";
			targets = (
				E17E216B1EDA73760013D3B9 /* ALPersonalDemo */,
				E17E21871EDA73760013D3B9 /* ALPersonalDemoTests */,
				E17E21921EDA73760013D3B9 /* ALPersonalDemoUITests */,
			);
		};
/* End PBXProject section */

/* Begin PBXResourcesBuildPhase section */
		E17E216A1EDA73760013D3B9 /* Resources */ = {
			isa = PBXResourcesBuildPhase;
			buildActionMask = 2147483647;
			files = (
				E17E21D21EDAA9EF0013D3B9 /* LaunchScreen.storyboard in Resources */,
				E17E21D31EDAA9EF0013D3B9 /* Main.storyboard in Resources */,
				E17E21D51EDAAC050013D3B9 /* SmartPush.zip in Resources */,
				E17E21CE1EDAA2050013D3B9 /* autobuild.py in Resources */,
				E17E21AA1EDA7C320013D3B9 /* Assets.xcassets in Resources */,
			);
			runOnlyForDeploymentPostprocessing = 0;
		};
		E17E21861EDA73760013D3B9 /* Resources */ = {
			isa = PBXResourcesBuildPhase;
			buildActionMask = 2147483647;
			files = (
			);
			runOnlyForDeploymentPostprocessing = 0;
		};
		E17E21911EDA73760013D3B9 /* Resources */ = {
			isa = PBXResourcesBuildPhase;
			buildActionMask = 2147483647;
			files = (
			);
			runOnlyForDeploymentPostprocessing = 0;
		};
/* End PBXResourcesBuildPhase section */

/* Begin PBXShellScriptBuildPhase section */
		2496B2C680154E862788E9F0 /* [CP] Check Pods Manifest.lock */ = {
			isa = PBXShellScriptBuildPhase;
			buildActionMask = 2147483647;
			files = (
			);
			inputPaths = (
			);
			name = "[CP] Check Pods Manifest.lock";
			outputPaths = (
			);
			runOnlyForDeploymentPostprocessing = 0;
			shellPath = /bin/sh;
			shellScript = "diff \"${PODS_ROOT}/../Podfile.lock\" \"${PODS_ROOT}/Manifest.lock\" > /dev/null\nif [[ $? != 0 ]] ; then\n    cat << EOM\nerror: The sandbox is not in sync with the Podfile.lock. Run 'pod install' or update your CocoaPods installation.\nEOM\n    exit 1\nfi\n";
			showEnvVarsInLog = 0;
		};
		50EA91EE26D6307F1762C435 /* [CP] Embed Pods Frameworks */ = {
			isa = PBXShellScriptBuildPhase;
			buildActionMask = 2147483647;
			files = (
			);
			inputPaths = (
			);
			name = "[CP] Embed Pods Frameworks";
			outputPaths = (
			);
			runOnlyForDeploymentPostprocessing = 0;
			shellPath = /bin/sh;
			shellScript = "\"${SRCROOT}/Pods/Target Support Files/Pods-ALPersonalDemo/Pods-ALPersonalDemo-frameworks.sh\"\n";
			showEnvVarsInLog = 0;
		};
		B43718F5FFA76B7556198964 /* [CP] Copy Pods Resources */ = {
			isa = PBXShellScriptBuildPhase;
			buildActionMask = 2147483647;
			files = (
			);
			inputPaths = (
			);
			name = "[CP] Copy Pods Resources";
			outputPaths = (
			);
			runOnlyForDeploymentPostprocessing = 0;
			shellPath = /bin/sh;
			shellScript = "\"${SRCROOT}/Pods/Target Support Files/Pods-ALPersonalDemo/Pods-ALPersonalDemo-resources.sh\"\n";
			showEnvVarsInLog = 0;
		};
/* End PBXShellScriptBuildPhase section */

/* Begin PBXSourcesBuildPhase section */
		E17E21681EDA73760013D3B9 /* Sources */ = {
			isa = PBXSourcesBuildPhase;
			buildActionMask = 2147483647;
			files = (
				E1F661901EDD9CE7001D98E1 /* NSDictionary+SSAdd.m in Sources */,
				E1F661BF1EDDA36F001D98E1 /* UITableView+SSAdd.m in Sources */,
				E17E21F41EDAFE0F0013D3B9 /* UIButton+SSAdd.m in Sources */,
				E17E21EA1EDAF6160013D3B9 /* UIView+Toast.m in Sources */,
				E1F661941EDD9D49001D98E1 /* NSNull+SSAdd.m in Sources */,
				E1F6619B1EDD9DB5001D98E1 /* NSObject+SSAddForKVO.m in Sources */,
				E1F661A31EDD9E2E001D98E1 /* UIColor+SSAdd.m in Sources */,
				E17E21A81EDA7B3A0013D3B9 /* AppDelegate.m in Sources */,
				E1F661841EDD9BB9001D98E1 /* UILabel+Copyable.m in Sources */,
				E1F661881EDD9C66001D98E1 /* NSDate+SSAdd.m in Sources */,
				E13C56631EE4231600005CFD /* FCFileManager.m in Sources */,
				E1F661B81EDDA2E5001D98E1 /* UIImage+SSAdd.m in Sources */,
				E1F661A81EDDA024001D98E1 /* SSUIAdapter.m in Sources */,
				E1F6619A1EDD9DB5001D98E1 /* NSObject+SSAdd.m in Sources */,
				E1F6619F1EDD9DE8001D98E1 /* NSString+SSAdd.m in Sources */,
				E17E21B31EDA7C3B0013D3B9 /* ALPersonalDemo.xcdatamodeld in Sources */,
				E17E21F51EDAFE0F0013D3B9 /* UIButton+SSImageTitleStyle.m in Sources */,
				E13C56661EE427B600005CFD /* FileManagerHelper.m in Sources */,
				E1F6618C1EDD9CBC001D98E1 /* NSArray+SSAdd.m in Sources */,
				E1F661BB1EDDA303001D98E1 /* UILabel+SSAdd.m in Sources */,
				E17E21C01EDA7C970013D3B9 /* ViewController.m in Sources */,
				E17E21E01EDAC4630013D3B9 /* HYBNetworking.m in Sources */,
				CF40EC7B1EE01AA90003499F /* ALDemo1ViewController.m in Sources */,
				E1F661B41EDDA2B4001D98E1 /* UIGestureRecognizer+SSAdd.m in Sources */,
				CF40EC781EE01A0D0003499F /* WWTagButtonTextField.m in Sources */,
				E17E21E41EDACCF30013D3B9 /* UIDevice+ALSystemInfo.m in Sources */,
				CF40EC751EE0191E0003499F /* WWTagEditingView.m in Sources */,
				E1F661AC1EDDA14B001D98E1 /* CommonBaseTools.m in Sources */,
				E17E21EE1EDAF6A20013D3B9 /* ALToastTableViewController.m in Sources */,
				E1F661C21EDDA39E001D98E1 /* UIView+SSAdd.m in Sources */,
				E17E21DB1EDABED80013D3B9 /* ALNetWorkViewController.m in Sources */,
				E1F661B01EDDA287001D98E1 /* UIControl+SSAdd.m in Sources */,
				E17E21711EDA73760013D3B9 /* main.m in Sources */,
				E17E21E71EDAF3C20013D3B9 /* UIView+ALFrame.m in Sources */,
				E13C566E1EE42B8A00005CFD /* HttpTool.m in Sources */,
			);
			runOnlyForDeploymentPostprocessing = 0;
		};
		E17E21841EDA73760013D3B9 /* Sources */ = {
			isa = PBXSourcesBuildPhase;
			buildActionMask = 2147483647;
			files = (
				E17E218D1EDA73760013D3B9 /* ALPersonalDemoTests.m in Sources */,
			);
			runOnlyForDeploymentPostprocessing = 0;
		};
		E17E218F1EDA73760013D3B9 /* Sources */ = {
			isa = PBXSourcesBuildPhase;
			buildActionMask = 2147483647;
			files = (
				E17E21981EDA73760013D3B9 /* ALPersonalDemoUITests.m in Sources */,
			);
			runOnlyForDeploymentPostprocessing = 0;
		};
/* End PBXSourcesBuildPhase section */

/* Begin PBXTargetDependency section */
		E17E218A1EDA73760013D3B9 /* PBXTargetDependency */ = {
			isa = PBXTargetDependency;
			target = E17E216B1EDA73760013D3B9 /* ALPersonalDemo */;
			targetProxy = E17E21891EDA73760013D3B9 /* PBXContainerItemProxy */;
		};
		E17E21951EDA73760013D3B9 /* PBXTargetDependency */ = {
			isa = PBXTargetDependency;
			target = E17E216B1EDA73760013D3B9 /* ALPersonalDemo */;
			targetProxy = E17E21941EDA73760013D3B9 /* PBXContainerItemProxy */;
		};
/* End PBXTargetDependency section */

/* Begin PBXVariantGroup section */
		E17E21B71EDA7C4D0013D3B9 /* LaunchScreen.storyboard */ = {
			isa = PBXVariantGroup;
			children = (
				E17E21B81EDA7C4D0013D3B9 /* Base */,
			);
			name = LaunchScreen.storyboard;
			sourceTree = "<group>";
		};
		E17E21B91EDA7C4D0013D3B9 /* Main.storyboard */ = {
			isa = PBXVariantGroup;
			children = (
				E17E21BA1EDA7C4D0013D3B9 /* Base */,
			);
			name = Main.storyboard;
			sourceTree = "<group>";
		};
/* End PBXVariantGroup section */

/* Begin XCBuildConfiguration section */
		E17E219A1EDA73760013D3B9 /* Debug */ = {
			isa = XCBuildConfiguration;
			buildSettings = {
				ALWAYS_SEARCH_USER_PATHS = NO;
				CLANG_ANALYZER_NONNULL = YES;
				CLANG_CXX_LANGUAGE_STANDARD = "gnu++0x";
				CLANG_CXX_LIBRARY = "libc++";
				CLANG_ENABLE_MODULES = YES;
				CLANG_ENABLE_OBJC_ARC = YES;
				CLANG_WARN_BOOL_CONVERSION = YES;
				CLANG_WARN_CONSTANT_CONVERSION = YES;
				CLANG_WARN_DIRECT_OBJC_ISA_USAGE = YES_ERROR;
				CLANG_WARN_DOCUMENTATION_COMMENTS = YES;
				CLANG_WARN_EMPTY_BODY = YES;
				CLANG_WARN_ENUM_CONVERSION = YES;
				CLANG_WARN_INFINITE_RECURSION = YES;
				CLANG_WARN_INT_CONVERSION = YES;
				CLANG_WARN_OBJC_ROOT_CLASS = YES_ERROR;
				CLANG_WARN_SUSPICIOUS_MOVES = YES;
				CLANG_WARN_UNREACHABLE_CODE = YES;
				CLANG_WARN__DUPLICATE_METHOD_MATCH = YES;
				"CODE_SIGN_IDENTITY[sdk=iphoneos*]" = "iPhone Developer";
				COPY_PHASE_STRIP = NO;
				DEBUG_INFORMATION_FORMAT = dwarf;
				ENABLE_STRICT_OBJC_MSGSEND = YES;
				ENABLE_TESTABILITY = YES;
				GCC_C_LANGUAGE_STANDARD = gnu99;
				GCC_DYNAMIC_NO_PIC = NO;
				GCC_NO_COMMON_BLOCKS = YES;
				GCC_OPTIMIZATION_LEVEL = 0;
				GCC_PREPROCESSOR_DEFINITIONS = (
					"DEBUG=1",
					"$(inherited)",
				);
				GCC_WARN_64_TO_32_BIT_CONVERSION = YES;
				GCC_WARN_ABOUT_RETURN_TYPE = YES_ERROR;
				GCC_WARN_UNDECLARED_SELECTOR = YES;
				GCC_WARN_UNINITIALIZED_AUTOS = YES_AGGRESSIVE;
				GCC_WARN_UNUSED_FUNCTION = YES;
				GCC_WARN_UNUSED_VARIABLE = YES;
				IPHONEOS_DEPLOYMENT_TARGET = 10.0;
				MTL_ENABLE_DEBUG_INFO = YES;
				ONLY_ACTIVE_ARCH = YES;
				SDKROOT = iphoneos;
			};
			name = Debug;
		};
		E17E219B1EDA73760013D3B9 /* Release */ = {
			isa = XCBuildConfiguration;
			buildSettings = {
				ALWAYS_SEARCH_USER_PATHS = NO;
				CLANG_ANALYZER_NONNULL = YES;
				CLANG_CXX_LANGUAGE_STANDARD = "gnu++0x";
				CLANG_CXX_LIBRARY = "libc++";
				CLANG_ENABLE_MODULES = YES;
				CLANG_ENABLE_OBJC_ARC = YES;
				CLANG_WARN_BOOL_CONVERSION = YES;
				CLANG_WARN_CONSTANT_CONVERSION = YES;
				CLANG_WARN_DIRECT_OBJC_ISA_USAGE = YES_ERROR;
				CLANG_WARN_DOCUMENTATION_COMMENTS = YES;
				CLANG_WARN_EMPTY_BODY = YES;
				CLANG_WARN_ENUM_CONVERSION = YES;
				CLANG_WARN_INFINITE_RECURSION = YES;
				CLANG_WARN_INT_CONVERSION = YES;
				CLANG_WARN_OBJC_ROOT_CLASS = YES_ERROR;
				CLANG_WARN_SUSPICIOUS_MOVES = YES;
				CLANG_WARN_UNREACHABLE_CODE = YES;
				CLANG_WARN__DUPLICATE_METHOD_MATCH = YES;
				"CODE_SIGN_IDENTITY[sdk=iphoneos*]" = "iPhone Developer";
				COPY_PHASE_STRIP = NO;
				DEBUG_INFORMATION_FORMAT = "dwarf-with-dsym";
				ENABLE_NS_ASSERTIONS = NO;
				ENABLE_STRICT_OBJC_MSGSEND = YES;
				GCC_C_LANGUAGE_STANDARD = gnu99;
				GCC_NO_COMMON_BLOCKS = YES;
				GCC_WARN_64_TO_32_BIT_CONVERSION = YES;
				GCC_WARN_ABOUT_RETURN_TYPE = YES_ERROR;
				GCC_WARN_UNDECLARED_SELECTOR = YES;
				GCC_WARN_UNINITIALIZED_AUTOS = YES_AGGRESSIVE;
				GCC_WARN_UNUSED_FUNCTION = YES;
				GCC_WARN_UNUSED_VARIABLE = YES;
				IPHONEOS_DEPLOYMENT_TARGET = 10.0;
				MTL_ENABLE_DEBUG_INFO = NO;
				SDKROOT = iphoneos;
				VALIDATE_PRODUCT = YES;
			};
			name = Release;
		};
		E17E219D1EDA73760013D3B9 /* Debug */ = {
			isa = XCBuildConfiguration;
			baseConfigurationReference = BE7837F5255163B32FFF2157 /* Pods-ALPersonalDemo.debug.xcconfig */;
			buildSettings = {
				ASSETCATALOG_COMPILER_APPICON_NAME = AppIcon;
				DEVELOPMENT_TEAM = 75C82FC24V;
				GCC_PREFIX_HEADER = "$(SRCROOT)/ALPersonalDemo/Supporting Files/PrefixHeader.pch";
				HEADER_SEARCH_PATHS = "";
				INFOPLIST_FILE = "ALPersonalDemo/Supporting Files/Info.plist";
				LD_RUNPATH_SEARCH_PATHS = "$(inherited) @executable_path/Frameworks";
				PRODUCT_BUNDLE_IDENTIFIER = com.alvin.test4;
				PRODUCT_NAME = "$(TARGET_NAME)";
			};
			name = Debug;
		};
		E17E219E1EDA73760013D3B9 /* Release */ = {
			isa = XCBuildConfiguration;
			baseConfigurationReference = 44651CCE15993B1899769C3F /* Pods-ALPersonalDemo.release.xcconfig */;
			buildSettings = {
				ASSETCATALOG_COMPILER_APPICON_NAME = AppIcon;
				DEVELOPMENT_TEAM = 75C82FC24V;
				GCC_PREFIX_HEADER = "$(SRCROOT)/ALPersonalDemo/Supporting Files/PrefixHeader.pch";
				HEADER_SEARCH_PATHS = "";
				INFOPLIST_FILE = "ALPersonalDemo/Supporting Files/Info.plist";
				LD_RUNPATH_SEARCH_PATHS = "$(inherited) @executable_path/Frameworks";
				PRODUCT_BUNDLE_IDENTIFIER = com.alvin.test4;
				PRODUCT_NAME = "$(TARGET_NAME)";
			};
			name = Release;
		};
		E17E21A01EDA73760013D3B9 /* Debug */ = {
			isa = XCBuildConfiguration;
			buildSettings = {
				BUNDLE_LOADER = "$(TEST_HOST)";
				INFOPLIST_FILE = ALPersonalDemoTests/Info.plist;
				LD_RUNPATH_SEARCH_PATHS = "$(inherited) @executable_path/Frameworks @loader_path/Frameworks";
				PRODUCT_BUNDLE_IDENTIFIER = com.company.ALPersonalDemoTests;
				PRODUCT_NAME = "$(TARGET_NAME)";
				TEST_HOST = "$(BUILT_PRODUCTS_DIR)/ALPersonalDemo.app/ALPersonalDemo";
			};
			name = Debug;
		};
		E17E21A11EDA73760013D3B9 /* Release */ = {
			isa = XCBuildConfiguration;
			buildSettings = {
				BUNDLE_LOADER = "$(TEST_HOST)";
				INFOPLIST_FILE = ALPersonalDemoTests/Info.plist;
				LD_RUNPATH_SEARCH_PATHS = "$(inherited) @executable_path/Frameworks @loader_path/Frameworks";
				PRODUCT_BUNDLE_IDENTIFIER = com.company.ALPersonalDemoTests;
				PRODUCT_NAME = "$(TARGET_NAME)";
				TEST_HOST = "$(BUILT_PRODUCTS_DIR)/ALPersonalDemo.app/ALPersonalDemo";
			};
			name = Release;
		};
		E17E21A31EDA73760013D3B9 /* Debug */ = {
			isa = XCBuildConfiguration;
			buildSettings = {
				INFOPLIST_FILE = ALPersonalDemoUITests/Info.plist;
				LD_RUNPATH_SEARCH_PATHS = "$(inherited) @executable_path/Frameworks @loader_path/Frameworks";
				PRODUCT_BUNDLE_IDENTIFIER = com.company.ALPersonalDemoUITests;
				PRODUCT_NAME = "$(TARGET_NAME)";
				TEST_TARGET_NAME = ALPersonalDemo;
			};
			name = Debug;
		};
		E17E21A41EDA73760013D3B9 /* Release */ = {
			isa = XCBuildConfiguration;
			buildSettings = {
				INFOPLIST_FILE = ALPersonalDemoUITests/Info.plist;
				LD_RUNPATH_SEARCH_PATHS = "$(inherited) @executable_path/Frameworks @loader_path/Frameworks";
				PRODUCT_BUNDLE_IDENTIFIER = com.company.ALPersonalDemoUITests;
				PRODUCT_NAME = "$(TARGET_NAME)";
				TEST_TARGET_NAME = ALPersonalDemo;
			};
			name = Release;
		};
/* End XCBuildConfiguration section */

/* Begin XCConfigurationList section */
		E17E21671EDA73760013D3B9 /* Build configuration list for PBXProject "ALPersonalDemo" */ = {
			isa = XCConfigurationList;
			buildConfigurations = (
				E17E219A1EDA73760013D3B9 /* Debug */,
				E17E219B1EDA73760013D3B9 /* Release */,
			);
			defaultConfigurationIsVisible = 0;
			defaultConfigurationName = Release;
		};
		E17E219C1EDA73760013D3B9 /* Build configuration list for PBXNativeTarget "ALPersonalDemo" */ = {
			isa = XCConfigurationList;
			buildConfigurations = (
				E17E219D1EDA73760013D3B9 /* Debug */,
				E17E219E1EDA73760013D3B9 /* Release */,
			);
			defaultConfigurationIsVisible = 0;
			defaultConfigurationName = Release;
		};
		E17E219F1EDA73760013D3B9 /* Build configuration list for PBXNativeTarget "ALPersonalDemoTests" */ = {
			isa = XCConfigurationList;
			buildConfigurations = (
				E17E21A01EDA73760013D3B9 /* Debug */,
				E17E21A11EDA73760013D3B9 /* Release */,
			);
			defaultConfigurationIsVisible = 0;
			defaultConfigurationName = Release;
		};
		E17E21A21EDA73760013D3B9 /* Build configuration list for PBXNativeTarget "ALPersonalDemoUITests" */ = {
			isa = XCConfigurationList;
			buildConfigurations = (
				E17E21A31EDA73760013D3B9 /* Debug */,
				E17E21A41EDA73760013D3B9 /* Release */,
			);
			defaultConfigurationIsVisible = 0;
			defaultConfigurationName = Release;
		};
/* End XCConfigurationList section */

/* Begin XCVersionGroup section */
		E17E21AB1EDA7C3B0013D3B9 /* ALPersonalDemo.xcdatamodeld */ = {
			isa = XCVersionGroup;
			children = (
				E17E21AC1EDA7C3B0013D3B9 /* ALPersonalDemo.xcdatamodel */,
			);
			currentVersion = E17E21AC1EDA7C3B0013D3B9 /* ALPersonalDemo.xcdatamodel */;
			path = ALPersonalDemo.xcdatamodeld;
			sourceTree = "<group>";
			versionGroupType = wrapper.xcdatamodel;
		};
/* End XCVersionGroup section */
	};
	rootObject = E17E21641EDA73760013D3B9 /* Project object */;
}
